
Microsoft Visual Studio Solution File, Format Version 12.00
# Visual Studio Version 16
VisualStudioVersion = 16.0.30320.27
MinimumVisualStudioVersion = 10.0.40219.1
Project("{9A19103F-16F7-4668-BE54-9A1E7A4F7556}") = "lightk", "lightk.csproj", "{324272AF-9C72-4795-962D-7BA2E931F406}"
EndProject
Global
	GlobalSection(SolutionConfigurationPlatforms) = preSolution
		Debug|Any CPU = Debug|Any CPU
		Release|Any CPU = Release|Any CPU
	EndGlobalSection
	GlobalSection(ProjectConfigurationPlatforms) = postSolution
		{324272AF-9C72-4795-962D-7BA2E931F406}.Debug|Any CPU.ActiveCfg = Release|Any CPU
		{324272AF-9C72-4795-962D-7BA2E931F406}.Debug|Any CPU.Build.0 = Release|Any CPU
		{324272AF-9C72-4795-962D-7BA2E931F406}.Release|Any CPU.ActiveCfg = Release|Any CPU
		{324272AF-9C72-4795-962D-7BA2E931F406}.Release|Any CPU.Build.0 = Release|Any CPU
	EndGlobalSection
	GlobalSection(SolutionProperties) = preSolution
		HideSolutionNode = FALSE
	EndGlobalSection
	GlobalSection(ExtensibilityGlobals) = postSolution
		SolutionGuid = {A8291B95-BC76-4B03-BDDD-3D6562206E14}
	EndGlobalSection
EndGlobal
